// !$*UTF8*$!
{
	archiveVersion = 1;
	classes = {
	};
	objectVersion = 46;
	objects = {

/* Begin PBXBuildFile section */
		AC8847ED1F88E1CC004BFFA2 /* LoginVC.swift in Sources */ = {isa = PBXBuildFile; fileRef = AC8847EC1F88E1CC004BFFA2 /* LoginVC.swift */; };
		AC8847EF1F88E593004BFFA2 /* UserList.csv in Resources */ = {isa = PBXBuildFile; fileRef = AC8847EE1F88E593004BFFA2 /* UserList.csv */; };
		AC8847F11F88E673004BFFA2 /* UserDB.swift in Sources */ = {isa = PBXBuildFile; fileRef = AC8847F01F88E673004BFFA2 /* UserDB.swift */; };
		AC8847F31F8926B2004BFFA2 /* MapVC.swift in Sources */ = {isa = PBXBuildFile; fileRef = AC8847F21F8926B2004BFFA2 /* MapVC.swift */; };
		AC9DAEF81F894CD3003184C8 /* PlanVC.swift in Sources */ = {isa = PBXBuildFile; fileRef = AC9DAEF71F894CD3003184C8 /* PlanVC.swift */; };
		AC9DAEFA1F894CE8003184C8 /* NotificationVC.swift in Sources */ = {isa = PBXBuildFile; fileRef = AC9DAEF91F894CE8003184C8 /* NotificationVC.swift */; };
		AC9DAEFC1F894D5C003184C8 /* SignUpVC.swift in Sources */ = {isa = PBXBuildFile; fileRef = AC9DAEFB1F894D5C003184C8 /* SignUpVC.swift */; };
		AC9DAEFE1F895267003184C8 /* QRCodeVC.swift in Sources */ = {isa = PBXBuildFile; fileRef = AC9DAEFD1F895267003184C8 /* QRCodeVC.swift */; };
		AC9DAF001F8959B3003184C8 /* UserInfo.swift in Sources */ = {isa = PBXBuildFile; fileRef = AC9DAEFF1F8959B3003184C8 /* UserInfo.swift */; };
		ACEFE3CF1F89A44600AE097B /* Main.storyboard in Resources */ = {isa = PBXBuildFile; fileRef = ACEFE3CE1F89A44600AE097B /* Main.storyboard */; };
		ACF12F511F8879EE00F7762C /* AppDelegate.swift in Sources */ = {isa = PBXBuildFile; fileRef = ACF12F501F8879EE00F7762C /* AppDelegate.swift */; };
		ACF12F531F8879EE00F7762C /* HomeVC.swift in Sources */ = {isa = PBXBuildFile; fileRef = ACF12F521F8879EE00F7762C /* HomeVC.swift */; };
		ACF12F581F8879EF00F7762C /* Assets.xcassets in Resources */ = {isa = PBXBuildFile; fileRef = ACF12F571F8879EF00F7762C /* Assets.xcassets */; };
		ACF12F5B1F8879EF00F7762C /* LaunchScreen.storyboard in Resources */ = {isa = PBXBuildFile; fileRef = ACF12F591F8879EF00F7762C /* LaunchScreen.storyboard */; };
		ACF12F631F888EB500F7762C /* BusList.csv in Resources */ = {isa = PBXBuildFile; fileRef = ACF12F621F888EB500F7762C /* BusList.csv */; };
		ACF12F651F888EE700F7762C /* csv.swift in Sources */ = {isa = PBXBuildFile; fileRef = ACF12F641F888EE700F7762C /* csv.swift */; };
		ACF12F671F88939200F7762C /* BusDB.swift in Sources */ = {isa = PBXBuildFile; fileRef = ACF12F661F88939200F7762C /* BusDB.swift */; };
		ACF12F6E1F88A4BC00F7762C /* MenuVC.swift in Sources */ = {isa = PBXBuildFile; fileRef = ACF12F6D1F88A4BC00F7762C /* MenuVC.swift */; };
/* End PBXBuildFile section */

/* Begin PBXFileReference section */
		AC8847EC1F88E1CC004BFFA2 /* LoginVC.swift */ = {isa = PBXFileReference; fileEncoding = 4; lastKnownFileType = sourcecode.swift; path = LoginVC.swift; sourceTree = "<group>"; };
		AC8847EE1F88E593004BFFA2 /* UserList.csv */ = {isa = PBXFileReference; fileEncoding = 4; lastKnownFileType = text; path = UserList.csv; sourceTree = "<group>"; };
		AC8847F01F88E673004BFFA2 /* UserDB.swift */ = {isa = PBXFileReference; fileEncoding = 4; lastKnownFileType = sourcecode.swift; path = UserDB.swift; sourceTree = "<group>"; };
		AC8847F21F8926B2004BFFA2 /* MapVC.swift */ = {isa = PBXFileReference; fileEncoding = 4; lastKnownFileType = sourcecode.swift; path = MapVC.swift; sourceTree = "<group>"; };
		AC9DAEF71F894CD3003184C8 /* PlanVC.swift */ = {isa = PBXFileReference; fileEncoding = 4; lastKnownFileType = sourcecode.swift; path = PlanVC.swift; sourceTree = "<group>"; };
		AC9DAEF91F894CE8003184C8 /* NotificationVC.swift */ = {isa = PBXFileReference; fileEncoding = 4; lastKnownFileType = sourcecode.swift; path = NotificationVC.swift; sourceTree = "<group>"; };
		AC9DAEFB1F894D5C003184C8 /* SignUpVC.swift */ = {isa = PBXFileReference; fileEncoding = 4; lastKnownFileType = sourcecode.swift; path = SignUpVC.swift; sourceTree = "<group>"; };
		AC9DAEFD1F895267003184C8 /* QRCodeVC.swift */ = {isa = PBXFileReference; fileEncoding = 4; lastKnownFileType = sourcecode.swift; path = QRCodeVC.swift; sourceTree = "<group>"; };
		AC9DAEFF1F8959B3003184C8 /* UserInfo.swift */ = {isa = PBXFileReference; fileEncoding = 4; lastKnownFileType = sourcecode.swift; path = UserInfo.swift; sourceTree = "<group>"; };
		ACEFE3CE1F89A44600AE097B /* Main.storyboard */ = {isa = PBXFileReference; fileEncoding = 4; lastKnownFileType = file.storyboard; name = Main.storyboard; path = ../Main.storyboard; sourceTree = "<group>"; };
		ACF12F4D1F8879EE00F7762C /* BusApps.app */ = {isa = PBXFileReference; explicitFileType = wrapper.application; includeInIndex = 0; path = BusApps.app; sourceTree = BUILT_PRODUCTS_DIR; };
		ACF12F501F8879EE00F7762C /* AppDelegate.swift */ = {isa = PBXFileReference; lastKnownFileType = sourcecode.swift; path = AppDelegate.swift; sourceTree = "<group>"; };
		ACF12F521F8879EE00F7762C /* HomeVC.swift */ = {isa = PBXFileReference; lastKnownFileType = sourcecode.swift; path = HomeVC.swift; sourceTree = "<group>"; };
		ACF12F571F8879EF00F7762C /* Assets.xcassets */ = {isa = PBXFileReference; lastKnownFileType = folder.assetcatalog; path = Assets.xcassets; sourceTree = "<group>"; };
		ACF12F5A1F8879EF00F7762C /* Base */ = {isa = PBXFileReference; lastKnownFileType = file.storyboard; name = Base; path = Base.lproj/LaunchScreen.storyboard; sourceTree = "<group>"; };
		ACF12F5C1F8879EF00F7762C /* Info.plist */ = {isa = PBXFileReference; lastKnownFileType = text.plist.xml; path = Info.plist; sourceTree = "<group>"; };
		ACF12F621F888EB500F7762C /* BusList.csv */ = {isa = PBXFileReference; fileEncoding = 4; lastKnownFileType = text; path = BusList.csv; sourceTree = "<group>"; };
		ACF12F641F888EE700F7762C /* csv.swift */ = {isa = PBXFileReference; fileEncoding = 4; lastKnownFileType = sourcecode.swift; path = csv.swift; sourceTree = "<group>"; };
		ACF12F661F88939200F7762C /* BusDB.swift */ = {isa = PBXFileReference; fileEncoding = 4; lastKnownFileType = sourcecode.swift; path = BusDB.swift; sourceTree = "<group>"; };
		ACF12F6D1F88A4BC00F7762C /* MenuVC.swift */ = {isa = PBXFileReference; fileEncoding = 4; lastKnownFileType = sourcecode.swift; path = MenuVC.swift; sourceTree = "<group>"; };
/* End PBXFileReference section */

/* Begin PBXFrameworksBuildPhase section */
		ACF12F4A1F8879EE00F7762C /* Frameworks */ = {
			isa = PBXFrameworksBuildPhase;
			buildActionMask = 2147483647;
			files = (
			);
			runOnlyForDeploymentPostprocessing = 0;
		};
/* End PBXFrameworksBuildPhase section */

/* Begin PBXGroup section */
		AC8847EB1F88E1AE004BFFA2 /* VC */ = {
			isa = PBXGroup;
			children = (
				ACF12F521F8879EE00F7762C /* HomeVC.swift */,
				AC8847EC1F88E1CC004BFFA2 /* LoginVC.swift */,
				ACF12F6D1F88A4BC00F7762C /* MenuVC.swift */,
				AC8847F21F8926B2004BFFA2 /* MapVC.swift */,
				AC9DAEF71F894CD3003184C8 /* PlanVC.swift */,
				AC9DAEF91F894CE8003184C8 /* NotificationVC.swift */,
				AC9DAEFB1F894D5C003184C8 /* SignUpVC.swift */,
				AC9DAEFD1F895267003184C8 /* QRCodeVC.swift */,
			);
			name = VC;
			sourceTree = "<group>";
		};
		ACF12F441F8879EE00F7762C = {
			isa = PBXGroup;
			children = (
				ACF12F4F1F8879EE00F7762C /* BusApps */,
				ACF12F4E1F8879EE00F7762C /* Products */,
			);
			sourceTree = "<group>";
		};
		ACF12F4E1F8879EE00F7762C /* Products */ = {
			isa = PBXGroup;
			children = (
				ACF12F4D1F8879EE00F7762C /* BusApps.app */,
			);
			name = Products;
			sourceTree = "<group>";
		};
		ACF12F4F1F8879EE00F7762C /* BusApps */ = {
			isa = PBXGroup;
			children = (
				AC8847EB1F88E1AE004BFFA2 /* VC */,
				ACF12F681F8893A500F7762C /* Model */,
				ACF12F501F8879EE00F7762C /* AppDelegate.swift */,
				ACEFE3CE1F89A44600AE097B /* Main.storyboard */,
				ACF12F571F8879EF00F7762C /* Assets.xcassets */,
				ACF12F591F8879EF00F7762C /* LaunchScreen.storyboard */,
				ACF12F5C1F8879EF00F7762C /* Info.plist */,
				ACF12F621F888EB500F7762C /* BusList.csv */,
				ACF12F641F888EE700F7762C /* csv.swift */,
				AC8847EE1F88E593004BFFA2 /* UserList.csv */,
			);
			path = BusApps;
			sourceTree = "<group>";
		};
		ACF12F681F8893A500F7762C /* Model */ = {
			isa = PBXGroup;
			children = (
				ACF12F661F88939200F7762C /* BusDB.swift */,
				AC8847F01F88E673004BFFA2 /* UserDB.swift */,
				AC9DAEFF1F8959B3003184C8 /* UserInfo.swift */,
			);
			name = Model;
			sourceTree = "<group>";
		};
/* End PBXGroup section */

/* Begin PBXNativeTarget section */
		ACF12F4C1F8879EE00F7762C /* BusApps */ = {
			isa = PBXNativeTarget;
			buildConfigurationList = ACF12F5F1F8879EF00F7762C /* Build configuration list for PBXNativeTarget "BusApps" */;
			buildPhases = (
				ACF12F491F8879EE00F7762C /* Sources */,
				ACF12F4A1F8879EE00F7762C /* Frameworks */,
				ACF12F4B1F8879EE00F7762C /* Resources */,
			);
			buildRules = (
			);
			dependencies = (
			);
			name = BusApps;
			productName = BusApps;
			productReference = ACF12F4D1F8879EE00F7762C /* BusApps.app */;
			productType = "com.apple.product-type.application";
		};
/* End PBXNativeTarget section */

/* Begin PBXProject section */
		ACF12F451F8879EE00F7762C /* Project object */ = {
			isa = PBXProject;
			attributes = {
				LastSwiftUpdateCheck = 0820;
				LastUpgradeCheck = 0820;
				ORGANIZATIONNAME = "Guest User";
				TargetAttributes = {
					ACF12F4C1F8879EE00F7762C = {
						CreatedOnToolsVersion = 8.2.1;
						DevelopmentTeam = RH3D4V4LFC;
						LastSwiftMigration = 0820;
						ProvisioningStyle = Automatic;
					};
				};
			};
			buildConfigurationList = ACF12F481F8879EE00F7762C /* Build configuration list for PBXProject "BusApps" */;
			compatibilityVersion = "Xcode 3.2";
			developmentRegion = English;
			hasScannedForEncodings = 0;
			knownRegions = (
				en,
				Base,
			);
			mainGroup = ACF12F441F8879EE00F7762C;
			productRefGroup = ACF12F4E1F8879EE00F7762C /* Products */;
			projectDirPath = "";
			projectRoot = "";
			targets = (
				ACF12F4C1F8879EE00F7762C /* BusApps */,
			);
		};
/* End PBXProject section */

/* Begin PBXResourcesBuildPhase section */
		ACF12F4B1F8879EE00F7762C /* Resources */ = {
			isa = PBXResourcesBuildPhase;
			buildActionMask = 2147483647;
			files = (
				ACF12F5B1F8879EF00F7762C /* LaunchScreen.storyboard in Resources */,
				ACEFE3CF1F89A44600AE097B /* Main.storyboard in Resources */,
				ACF12F581F8879EF00F7762C /* Assets.xcassets in Resources */,
				ACF12F631F888EB500F7762C /* BusList.csv in Resources */,
				AC8847EF1F88E593004BFFA2 /* UserList.csv in Resources */,
			);
			runOnlyForDeploymentPostprocessing = 0;
		};
/* End PBXResourcesBuildPhase section */

/* Begin PBXSourcesBuildPhase section */
		ACF12F491F8879EE00F7762C /* Sources */ = {
			isa = PBXSourcesBuildPhase;
			buildActionMask = 2147483647;
			files = (
				ACF12F651F888EE700F7762C /* csv.swift in Sources */,
				AC9DAEFA1F894CE8003184C8 /* NotificationVC.swift in Sources */,
				ACF12F531F8879EE00F7762C /* HomeVC.swift in Sources */,
				AC9DAEFC1F894D5C003184C8 /* SignUpVC.swift in Sources */,
				AC8847F11F88E673004BFFA2 /* UserDB.swift in Sources */,
				AC8847ED1F88E1CC004BFFA2 /* LoginVC.swift in Sources */,
				AC9DAEF81F894CD3003184C8 /* PlanVC.swift in Sources */,
				ACF12F671F88939200F7762C /* BusDB.swift in Sources */,
				AC9DAF001F8959B3003184C8 /* UserInfo.swift in Sources */,
				AC9DAEFE1F895267003184C8 /* QRCodeVC.swift in Sources */,
				AC8847F31F8926B2004BFFA2 /* MapVC.swift in Sources */,
				ACF12F511F8879EE00F7762C /* AppDelegate.swift in Sources */,
				ACF12F6E1F88A4BC00F7762C /* MenuVC.swift in Sources */,
			);
			runOnlyForDeploymentPostprocessing = 0;
		};
/* End PBXSourcesBuildPhase section */

/* Begin PBXVariantGroup section */
		ACF12F591F8879EF00F7762C /* LaunchScreen.storyboard */ = {
			isa = PBXVariantGroup;
			children = (
				ACF12F5A1F8879EF00F7762C /* Base */,
			);
			name = LaunchScreen.storyboard;
			sourceTree = "<group>";
		};
/* End PBXVariantGroup section */

/* Begin XCBuildConfiguration section */
		ACF12F5D1F8879EF00F7762C /* Debug */ = {
			isa = XCBuildConfiguration;
			buildSettings = {
				ALWAYS_SEARCH_USER_PATHS = NO;
				CLANG_ANALYZER_NONNULL = YES;
				CLANG_CXX_LANGUAGE_STANDARD = "gnu++0x";
				CLANG_CXX_LIBRARY = "libc++";
				CLANG_ENABLE_MODULES = YES;
				CLANG_ENABLE_OBJC_ARC = YES;
				CLANG_WARN_BOOL_CONVERSION = YES;
				CLANG_WARN_CONSTANT_CONVERSION = YES;
				CLANG_WARN_DIRECT_OBJC_ISA_USAGE = YES_ERROR;
				CLANG_WARN_DOCUMENTATION_COMMENTS = YES;
				CLANG_WARN_EMPTY_BODY = YES;
				CLANG_WARN_ENUM_CONVERSION = YES;
				CLANG_WARN_INFINITE_RECURSION = YES;
				CLANG_WARN_INT_CONVERSION = YES;
				CLANG_WARN_OBJC_ROOT_CLASS = YES_ERROR;
				CLANG_WARN_SUSPICIOUS_MOVE = YES;
				CLANG_WARN_UNREACHABLE_CODE = YES;
				CLANG_WARN__DUPLICATE_METHOD_MATCH = YES;
				"CODE_SIGN_IDENTITY[sdk=iphoneos*]" = "iPhone Developer";
				COPY_PHASE_STRIP = NO;
				DEBUG_INFORMATION_FORMAT = dwarf;
				ENABLE_STRICT_OBJC_MSGSEND = YES;
				ENABLE_TESTABILITY = YES;
				GCC_C_LANGUAGE_STANDARD = gnu99;
				GCC_DYNAMIC_NO_PIC = NO;
				GCC_NO_COMMON_BLOCKS = YES;
				GCC_OPTIMIZATION_LEVEL = 0;
				GCC_PREPROCESSOR_DEFINITIONS = (
					"DEBUG=1",
					"$(inherited)",
				);
				GCC_WARN_64_TO_32_BIT_CONVERSION = YES;
				GCC_WARN_ABOUT_RETURN_TYPE = YES_ERROR;
				GCC_WARN_UNDECLARED_SELECTOR = YES;
				GCC_WARN_UNINITIALIZED_AUTOS = YES_AGGRESSIVE;
				GCC_WARN_UNUSED_FUNCTION = YES;
				GCC_WARN_UNUSED_VARIABLE = YES;
				IPHONEOS_DEPLOYMENT_TARGET = 10.2;
				MTL_ENABLE_DEBUG_INFO = YES;
				ONLY_ACTIVE_ARCH = YES;
				SDKROOT = iphoneos;
				SWIFT_ACTIVE_COMPILATION_CONDITIONS = DEBUG;
				SWIFT_OPTIMIZATION_LEVEL = "-Onone";
				TARGETED_DEVICE_FAMILY = "1,2";
			};
			name = Debug;
		};
		ACF12F5E1F8879EF00F7762C /* Release */ = {
			isa = XCBuildConfiguration;
			buildSettings = {
				ALWAYS_SEARCH_USER_PATHS = NO;
				CLANG_ANALYZER_NONNULL = YES;
				CLANG_CXX_LANGUAGE_STANDARD = "gnu++0x";
				CLANG_CXX_LIBRARY = "libc++";
				CLANG_ENABLE_MODULES = YES;
				CLANG_ENABLE_OBJC_ARC = YES;
				CLANG_WARN_BOOL_CONVERSION = YES;
				CLANG_WARN_CONSTANT_CONVERSION = YES;
				CLANG_WARN_DIRECT_OBJC_ISA_USAGE = YES_ERROR;
				CLANG_WARN_DOCUMENTATION_COMMENTS = YES;
				CLANG_WARN_EMPTY_BODY = YES;
				CLANG_WARN_ENUM_CONVERSION = YES;
				CLANG_WARN_INFINITE_RECURSION = YES;
				CLANG_WARN_INT_CONVERSION = YES;
				CLANG_WARN_OBJC_ROOT_CLASS = YES_ERROR;
				CLANG_WARN_SUSPICIOUS_MOVE = YES;
				CLANG_WARN_UNREACHABLE_CODE = YES;
				CLANG_WARN__DUPLICATE_METHOD_MATCH = YES;
				"CODE_SIGN_IDENTITY[sdk=iphoneos*]" = "iPhone Developer";
				COPY_PHASE_STRIP = NO;
				DEBUG_INFORMATION_FORMAT = "dwarf-with-dsym";
				ENABLE_NS_ASSERTIONS = NO;
				ENABLE_STRICT_OBJC_MSGSEND = YES;
				GCC_C_LANGUAGE_STANDARD = gnu99;
				GCC_NO_COMMON_BLOCKS = YES;
				GCC_WARN_64_TO_32_BIT_CONVERSION = YES;
				GCC_WARN_ABOUT_RETURN_TYPE = YES_ERROR;
				GCC_WARN_UNDECLARED_SELECTOR = YES;
				GCC_WARN_UNINITIALIZED_AUTOS = YES_AGGRESSIVE;
				GCC_WARN_UNUSED_FUNCTION = YES;
				GCC_WARN_UNUSED_VARIABLE = YES;
				IPHONEOS_DEPLOYMENT_TARGET = 10.2;
				MTL_ENABLE_DEBUG_INFO = NO;
				SDKROOT = iphoneos;
				SWIFT_OPTIMIZATION_LEVEL = "-Owholemodule";
				TARGETED_DEVICE_FAMILY = "1,2";
				VALIDATE_PRODUCT = YES;
			};
			name = Release;
		};
		ACF12F601F8879EF00F7762C /* Debug */ = {
			isa = XCBuildConfiguration;
			buildSettings = {
				ASSETCATALOG_COMPILER_APPICON_NAME = AppIcon;
				DEVELOPMENT_TEAM = RH3D4V4LFC;
				INFOPLIST_FILE = BusApps/Info.plist;
				LD_RUNPATH_SEARCH_PATHS = "$(inherited) @executable_path/Frameworks";
				PRODUCT_BUNDLE_IDENTIFIER = KentHack.BusApps;
				PRODUCT_NAME = "$(TARGET_NAME)";
				SWIFT_VERSION = 3.0;
			};
			name = Debug;
		};
		ACF12F611F8879EF00F7762C /* Release */ = {
			isa = XCBuildConfiguration;
			buildSettings = {
				ASSETCATALOG_COMPILER_APPICON_NAME = AppIcon;
				DEVELOPMENT_TEAM = RH3D4V4LFC;
				INFOPLIST_FILE = BusApps/Info.plist;
				LD_RUNPATH_SEARCH_PATHS = "$(inherited) @executable_path/Frameworks";
				PRODUCT_BUNDLE_IDENTIFIER = KentHack.BusApps;
				PRODUCT_NAME = "$(TARGET_NAME)";
				SWIFT_VERSION = 3.0;
			};
			name = Release;
		};
/* End XCBuildConfiguration section */

/* Begin XCConfigurationList section */
		ACF12F481F8879EE00F7762C /* Build configuration list for PBXProject "BusApps" */ = {
			isa = XCConfigurationList;
			buildConfigurations = (
				ACF12F5D1F8879EF00F7762C /* Debug */,
				ACF12F5E1F8879EF00F7762C /* Release */,
			);
			defaultConfigurationIsVisible = 0;
			defaultConfigurationName = Release;
		};
		ACF12F5F1F8879EF00F7762C /* Build configuration list for PBXNativeTarget "BusApps" */ = {
			isa = XCConfigurationList;
			buildConfigurations = (
				ACF12F601F8879EF00F7762C /* Debug */,
				ACF12F611F8879EF00F7762C /* Release */,
			);
			defaultConfigurationIsVisible = 0;
			defaultConfigurationName = Release;
		};
/* End XCConfigurationList section */
	};
	rootObject = ACF12F451F8879EE00F7762C /* Project object */;
}
